
Microsoft Visual Studio Solution File, Format Version 12.00
# Visual Studio 14
VisualStudioVersion = 14.0.24720.0
MinimumVisualStudioVersion = 10.0.40219.1
Project("{803FD0C6-D64E-4E16-9DC3-1DAEC859A3D2}") = "esp32_TLS3001_spi", "esp32_TLS3001_spi.vgdbproj", "{A0F38241-9060-46C3-B691-AA586ACDE452}"
EndProject
Global
	GlobalSection(SolutionConfigurationPlatforms) = preSolution
		Debug|VisualGDB = Debug|VisualGDB
		MinSizeRel|VisualGDB = MinSizeRel|VisualGDB
		Release|VisualGDB = Release|VisualGDB
		RelWithDebInfo|VisualGDB = RelWithDebInfo|VisualGDB
	EndGlobalSection
	GlobalSection(ProjectConfigurationPlatforms) = postSolution
		{A0F38241-9060-46C3-B691-AA586ACDE452}.Debug|VisualGDB.ActiveCfg = Debug|VisualGDB
		{A0F38241-9060-46C3-B691-AA586ACDE452}.Debug|VisualGDB.Build.0 = Debug|VisualGDB
		{A0F38241-9060-46C3-B691-AA586ACDE452}.MinSizeRel|VisualGDB.ActiveCfg = MinSizeRel|VisualGDB
		{A0F38241-9060-46C3-B691-AA586ACDE452}.MinSizeRel|VisualGDB.Build.0 = MinSizeRel|VisualGDB
		{A0F38241-9060-46C3-B691-AA586ACDE452}.Release|VisualGDB.ActiveCfg = Release|VisualGDB
		{A0F38241-9060-46C3-B691-AA586ACDE452}.Release|VisualGDB.Build.0 = Release|VisualGDB
		{A0F38241-9060-46C3-B691-AA586ACDE452}.RelWithDebInfo|VisualGDB.ActiveCfg = RelWithDebInfo|VisualGDB
		{A0F38241-9060-46C3-B691-AA586ACDE452}.RelWithDebInfo|VisualGDB.Build.0 = RelWithDebInfo|VisualGDB
	EndGlobalSection
	GlobalSection(SolutionProperties) = preSolution
		HideSolutionNode = FALSE
	EndGlobalSection
EndGlobal
